
Microsoft Visual Studio Solution File, Format Version 12.00
# Visual Studio 14
VisualStudioVersion = 14.0.25420.1
MinimumVisualStudioVersion = 10.0.40219.1
Project("{FAE04EC0-301F-11D3-BF4B-00C04F79EFBC}") = "Project5E", "Project5E\Project5E.csproj", "{4E10E360-2A63-4DA4-985B-057A0030B20C}"
EndProject
Project("{FAE04EC0-301F-11D3-BF4B-00C04F79EFBC}") = "Project5E.DAL", "Project5E.DAL\Project5E.DAL.csproj", "{A4BB283E-AEA1-4B42-BC02-63CEF57CAB6F}"
EndProject
Global
	GlobalSection(SolutionConfigurationPlatforms) = preSolution
		Debug|Any CPU = Debug|Any CPU
		Release|Any CPU = Release|Any CPU
	EndGlobalSection
	GlobalSection(ProjectConfigurationPlatforms) = postSolution
		{4E10E360-2A63-4DA4-985B-057A0030B20C}.Debug|Any CPU.ActiveCfg = Debug|Any CPU
		{4E10E360-2A63-4DA4-985B-057A0030B20C}.Debug|Any CPU.Build.0 = Debug|Any CPU
		{4E10E360-2A63-4DA4-985B-057A0030B20C}.Release|Any CPU.ActiveCfg = Release|Any CPU
		{4E10E360-2A63-4DA4-985B-057A0030B20C}.Release|Any CPU.Build.0 = Release|Any CPU
		{A4BB283E-AEA1-4B42-BC02-63CEF57CAB6F}.Debug|Any CPU.ActiveCfg = Debug|Any CPU
		{A4BB283E-AEA1-4B42-BC02-63CEF57CAB6F}.Debug|Any CPU.Build.0 = Debug|Any CPU
		{A4BB283E-AEA1-4B42-BC02-63CEF57CAB6F}.Release|Any CPU.ActiveCfg = Release|Any CPU
		{A4BB283E-AEA1-4B42-BC02-63CEF57CAB6F}.Release|Any CPU.Build.0 = Release|Any CPU
	EndGlobalSection
	GlobalSection(SolutionProperties) = preSolution
		HideSolutionNode = FALSE
	EndGlobalSection
EndGlobal
